
Microsoft Visual Studio Solution File, Format Version 12.00
# Visual Studio 15
VisualStudioVersion = 15.0.26730.12
MinimumVisualStudioVersion = 10.0.40219.1
Project("{FAE04EC0-301F-11D3-BF4B-00C04F79EFBC}") = "WindowsAuthenticationDbFirst", "WindowsAuthenticationDbFirst\WindowsAuthenticationDbFirst.csproj", "{1888CF41-5D09-48C3-9229-7FB9ED3E11D0}"
EndProject
Global
	GlobalSection(SolutionConfigurationPlatforms) = preSolution
		Debug|Any CPU = Debug|Any CPU
		Release|Any CPU = Release|Any CPU
	EndGlobalSection
	GlobalSection(ProjectConfigurationPlatforms) = postSolution
		{1888CF41-5D09-48C3-9229-7FB9ED3E11D0}.Debug|Any CPU.ActiveCfg = Debug|Any CPU
		{1888CF41-5D09-48C3-9229-7FB9ED3E11D0}.Debug|Any CPU.Build.0 = Debug|Any CPU
		{1888CF41-5D09-48C3-9229-7FB9ED3E11D0}.Release|Any CPU.ActiveCfg = Release|Any CPU
		{1888CF41-5D09-48C3-9229-7FB9ED3E11D0}.Release|Any CPU.Build.0 = Release|Any CPU
	EndGlobalSection
	GlobalSection(SolutionProperties) = preSolution
		HideSolutionNode = FALSE
	EndGlobalSection
	GlobalSection(ExtensibilityGlobals) = postSolution
		SolutionGuid = {BE1F8E17-3D1F-45F4-99E8-1E29F9A11EE0}
	EndGlobalSection
EndGlobal
